
Microsoft Visual Studio Solution File, Format Version 12.00
# Visual Studio Version 16
VisualStudioVersion = 16.0.30611.23
MinimumVisualStudioVersion = 10.0.40219.1
Project("{FAE04EC0-301F-11D3-BF4B-00C04F79EFBC}") = "SIS_Ash_Zhax", "SIS_Ash_Zhax\SIS_Ash_Zhax.csproj", "{D5AD0588-DEDA-446C-A8EF-49D25F85C83F}"
EndProject
Global
	GlobalSection(SolutionConfigurationPlatforms) = preSolution
		Debug|Any CPU = Debug|Any CPU
		Release|Any CPU = Release|Any CPU
	EndGlobalSection
	GlobalSection(ProjectConfigurationPlatforms) = postSolution
		{D5AD0588-DEDA-446C-A8EF-49D25F85C83F}.Debug|Any CPU.ActiveCfg = Debug|Any CPU
		{D5AD0588-DEDA-446C-A8EF-49D25F85C83F}.Debug|Any CPU.Build.0 = Debug|Any CPU
		{D5AD0588-DEDA-446C-A8EF-49D25F85C83F}.Release|Any CPU.ActiveCfg = Release|Any CPU
		{D5AD0588-DEDA-446C-A8EF-49D25F85C83F}.Release|Any CPU.Build.0 = Release|Any CPU
	EndGlobalSection
	GlobalSection(SolutionProperties) = preSolution
		HideSolutionNode = FALSE
	EndGlobalSection
	GlobalSection(ExtensibilityGlobals) = postSolution
		SolutionGuid = {242969E9-4D86-4BA8-B190-3FDC6E27FA27}
	EndGlobalSection
EndGlobal
